
Microsoft Visual Studio Solution File, Format Version 12.00
# Visual Studio Version 16
VisualStudioVersion = 16.0.31424.327
MinimumVisualStudioVersion = 10.0.40219.1
Project("{FAE04EC0-301F-11D3-BF4B-00C04F79EFBC}") = "Animals", "Animals\Animals.csproj", "{2F0F5D13-56F4-447E-AD18-58C7D651EBB1}"
EndProject
Global
	GlobalSection(SolutionConfigurationPlatforms) = preSolution
		Debug|Any CPU = Debug|Any CPU
		Release|Any CPU = Release|Any CPU
	EndGlobalSection
	GlobalSection(ProjectConfigurationPlatforms) = postSolution
		{2F0F5D13-56F4-447E-AD18-58C7D651EBB1}.Debug|Any CPU.ActiveCfg = Debug|Any CPU
		{2F0F5D13-56F4-447E-AD18-58C7D651EBB1}.Debug|Any CPU.Build.0 = Debug|Any CPU
		{2F0F5D13-56F4-447E-AD18-58C7D651EBB1}.Release|Any CPU.ActiveCfg = Release|Any CPU
		{2F0F5D13-56F4-447E-AD18-58C7D651EBB1}.Release|Any CPU.Build.0 = Release|Any CPU
	EndGlobalSection
	GlobalSection(SolutionProperties) = preSolution
		HideSolutionNode = FALSE
	EndGlobalSection
	GlobalSection(ExtensibilityGlobals) = postSolution
		SolutionGuid = {F3D6035F-4793-4CB7-967F-40567FCB5F5D}
	EndGlobalSection
EndGlobal
