
Microsoft Visual Studio Solution File, Format Version 12.00
# Visual Studio Version 16
VisualStudioVersion = 16.0.31424.327
MinimumVisualStudioVersion = 10.0.40219.1
Project("{FAE04EC0-301F-11D3-BF4B-00C04F79EFBC}") = "WindowsStoreBankApp", "WindowsStoreBankApp\WindowsStoreBankApp.csproj", "{4B5F92B0-E407-4DC2-B042-8CE58FE6EE9D}"
EndProject
Global
	GlobalSection(SolutionConfigurationPlatforms) = preSolution
		Debug|Any CPU = Debug|Any CPU
		Release|Any CPU = Release|Any CPU
	EndGlobalSection
	GlobalSection(ProjectConfigurationPlatforms) = postSolution
		{4B5F92B0-E407-4DC2-B042-8CE58FE6EE9D}.Debug|Any CPU.ActiveCfg = Debug|Any CPU
		{4B5F92B0-E407-4DC2-B042-8CE58FE6EE9D}.Debug|Any CPU.Build.0 = Debug|Any CPU
		{4B5F92B0-E407-4DC2-B042-8CE58FE6EE9D}.Release|Any CPU.ActiveCfg = Release|Any CPU
		{4B5F92B0-E407-4DC2-B042-8CE58FE6EE9D}.Release|Any CPU.Build.0 = Release|Any CPU
	EndGlobalSection
	GlobalSection(SolutionProperties) = preSolution
		HideSolutionNode = FALSE
	EndGlobalSection
	GlobalSection(ExtensibilityGlobals) = postSolution
		SolutionGuid = {692A1B04-F44D-4DB9-AC12-944017703B31}
	EndGlobalSection
EndGlobal
